
Microsoft Visual Studio Solution File, Format Version 12.00
# Visual Studio Version 17
VisualStudioVersion = 17.4.33205.214
MinimumVisualStudioVersion = 10.0.40219.1
Project("{FAE04EC0-301F-11D3-BF4B-00C04F79EFBC}") = "EmployeePayRoll", "EmployeePayRoll.csproj", "{0AAA5CC9-07B1-44A1-9720-85E949D1C641}"
EndProject
Global
	GlobalSection(SolutionConfigurationPlatforms) = preSolution
		Debug|Any CPU = Debug|Any CPU
		Release|Any CPU = Release|Any CPU
	EndGlobalSection
	GlobalSection(ProjectConfigurationPlatforms) = postSolution
		{0AAA5CC9-07B1-44A1-9720-85E949D1C641}.Debug|Any CPU.ActiveCfg = Debug|Any CPU
		{0AAA5CC9-07B1-44A1-9720-85E949D1C641}.Debug|Any CPU.Build.0 = Debug|Any CPU
		{0AAA5CC9-07B1-44A1-9720-85E949D1C641}.Release|Any CPU.ActiveCfg = Release|Any CPU
		{0AAA5CC9-07B1-44A1-9720-85E949D1C641}.Release|Any CPU.Build.0 = Release|Any CPU
	EndGlobalSection
	GlobalSection(SolutionProperties) = preSolution
		HideSolutionNode = FALSE
	EndGlobalSection
	GlobalSection(ExtensibilityGlobals) = postSolution
		SolutionGuid = {E099737B-AE96-42B5-9111-E60E1BEF9343}
	EndGlobalSection
EndGlobal
